
Microsoft Visual Studio Solution File, Format Version 12.00
# Visual Studio 15
VisualStudioVersion = 15.0.28010.2026
MinimumVisualStudioVersion = 10.0.40219.1
Project("{FAE04EC0-301F-11D3-BF4B-00C04F79EFBC}") = "Compositions", "Compositions\Compositions.csproj", "{15FD9512-5390-45C9-8D6F-0E6424604986}"
EndProject
Project("{FAE04EC0-301F-11D3-BF4B-00C04F79EFBC}") = "Program", "Program\Program.csproj", "{5E79E59E-CA09-4691-A7D0-62D91DD553E2}"
EndProject
Project("{FAE04EC0-301F-11D3-BF4B-00C04F79EFBC}") = "Factory", "BusinessLogic\Factory.csproj", "{32E69A1D-B7D3-4BB6-AF27-6791262C9CEB}"
EndProject
Global
	GlobalSection(SolutionConfigurationPlatforms) = preSolution
		Debug|Any CPU = Debug|Any CPU
		Release|Any CPU = Release|Any CPU
	EndGlobalSection
	GlobalSection(ProjectConfigurationPlatforms) = postSolution
		{15FD9512-5390-45C9-8D6F-0E6424604986}.Debug|Any CPU.ActiveCfg = Debug|Any CPU
		{15FD9512-5390-45C9-8D6F-0E6424604986}.Debug|Any CPU.Build.0 = Debug|Any CPU
		{15FD9512-5390-45C9-8D6F-0E6424604986}.Release|Any CPU.ActiveCfg = Release|Any CPU
		{15FD9512-5390-45C9-8D6F-0E6424604986}.Release|Any CPU.Build.0 = Release|Any CPU
		{5E79E59E-CA09-4691-A7D0-62D91DD553E2}.Debug|Any CPU.ActiveCfg = Debug|Any CPU
		{5E79E59E-CA09-4691-A7D0-62D91DD553E2}.Debug|Any CPU.Build.0 = Debug|Any CPU
		{5E79E59E-CA09-4691-A7D0-62D91DD553E2}.Release|Any CPU.ActiveCfg = Release|Any CPU
		{5E79E59E-CA09-4691-A7D0-62D91DD553E2}.Release|Any CPU.Build.0 = Release|Any CPU
		{32E69A1D-B7D3-4BB6-AF27-6791262C9CEB}.Debug|Any CPU.ActiveCfg = Debug|Any CPU
		{32E69A1D-B7D3-4BB6-AF27-6791262C9CEB}.Debug|Any CPU.Build.0 = Debug|Any CPU
		{32E69A1D-B7D3-4BB6-AF27-6791262C9CEB}.Release|Any CPU.ActiveCfg = Release|Any CPU
		{32E69A1D-B7D3-4BB6-AF27-6791262C9CEB}.Release|Any CPU.Build.0 = Release|Any CPU
	EndGlobalSection
	GlobalSection(SolutionProperties) = preSolution
		HideSolutionNode = FALSE
	EndGlobalSection
	GlobalSection(ExtensibilityGlobals) = postSolution
		SolutionGuid = {615F7EB0-BB75-4DEB-BF4B-02623DE7F0A3}
	EndGlobalSection
EndGlobal
